
Microsoft Visual Studio Solution File, Format Version 12.00
# Visual Studio Version 17
VisualStudioVersion = 17.0.31912.275
MinimumVisualStudioVersion = 10.0.40219.1
Project("{FAE04EC0-301F-11D3-BF4B-00C04F79EFBC}") = "DotNetMiddlewareSample.WebApi", "DotNetMiddlewareSample.WebApi\DotNetMiddlewareSample.WebApi.csproj", "{32408B90-92DA-4D71-88DC-5100DF6787CF}"
EndProject
Project("{FAE04EC0-301F-11D3-BF4B-00C04F79EFBC}") = "DotNetMiddlewareSample.NetCoreApi", "DotNetMiddlewareSample.NetCoreApi\DotNetMiddlewareSample.NetCoreApi.csproj", "{B1423C66-5E22-443F-B7C3-005AAE368A40}"
EndProject
Global
	GlobalSection(SolutionConfigurationPlatforms) = preSolution
		Debug|Any CPU = Debug|Any CPU
		Release|Any CPU = Release|Any CPU
	EndGlobalSection
	GlobalSection(ProjectConfigurationPlatforms) = postSolution
		{32408B90-92DA-4D71-88DC-5100DF6787CF}.Debug|Any CPU.ActiveCfg = Debug|Any CPU
		{32408B90-92DA-4D71-88DC-5100DF6787CF}.Debug|Any CPU.Build.0 = Debug|Any CPU
		{32408B90-92DA-4D71-88DC-5100DF6787CF}.Release|Any CPU.ActiveCfg = Release|Any CPU
		{32408B90-92DA-4D71-88DC-5100DF6787CF}.Release|Any CPU.Build.0 = Release|Any CPU
		{B1423C66-5E22-443F-B7C3-005AAE368A40}.Debug|Any CPU.ActiveCfg = Debug|Any CPU
		{B1423C66-5E22-443F-B7C3-005AAE368A40}.Debug|Any CPU.Build.0 = Debug|Any CPU
		{B1423C66-5E22-443F-B7C3-005AAE368A40}.Release|Any CPU.ActiveCfg = Release|Any CPU
		{B1423C66-5E22-443F-B7C3-005AAE368A40}.Release|Any CPU.Build.0 = Release|Any CPU
	EndGlobalSection
	GlobalSection(SolutionProperties) = preSolution
		HideSolutionNode = FALSE
	EndGlobalSection
	GlobalSection(ExtensibilityGlobals) = postSolution
		SolutionGuid = {9EC35F2C-A76E-42DE-AAC9-914E1D767BD2}
	EndGlobalSection
EndGlobal
